
Microsoft Visual Studio Solution File, Format Version 12.00
# Visual Studio Version 17
VisualStudioVersion = 17.5.33424.131
MinimumVisualStudioVersion = 10.0.40219.1
Project("{FAE04EC0-301F-11D3-BF4B-00C04F79EFBC}") = "HealthCheckSample", "HealthCheckSample\HealthCheckSample.csproj", "{DEAB3629-AE63-474F-81B6-97AF0EE5FD8D}"
EndProject
Global
	GlobalSection(SolutionConfigurationPlatforms) = preSolution
		Debug|Any CPU = Debug|Any CPU
		Release|Any CPU = Release|Any CPU
	EndGlobalSection
	GlobalSection(ProjectConfigurationPlatforms) = postSolution
		{DEAB3629-AE63-474F-81B6-97AF0EE5FD8D}.Debug|Any CPU.ActiveCfg = Debug|Any CPU
		{DEAB3629-AE63-474F-81B6-97AF0EE5FD8D}.Debug|Any CPU.Build.0 = Debug|Any CPU
		{DEAB3629-AE63-474F-81B6-97AF0EE5FD8D}.Release|Any CPU.ActiveCfg = Release|Any CPU
		{DEAB3629-AE63-474F-81B6-97AF0EE5FD8D}.Release|Any CPU.Build.0 = Release|Any CPU
	EndGlobalSection
	GlobalSection(SolutionProperties) = preSolution
		HideSolutionNode = FALSE
	EndGlobalSection
	GlobalSection(ExtensibilityGlobals) = postSolution
		SolutionGuid = {72CCF5A4-574E-4DFD-AAE8-55827527B5DF}
	EndGlobalSection
EndGlobal
